
Microsoft Visual Studio Solution File, Format Version 12.00
# Visual Studio Version 17
VisualStudioVersion = 17.7.34031.279
MinimumVisualStudioVersion = 10.0.40219.1
Project("{FAE04EC0-301F-11D3-BF4B-00C04F79EFBC}") = "ITICourse.Plugins", "ITICourse.Plugins\ITICourse.Plugins.csproj", "{70CB1A75-286D-4429-B57D-06B657639730}"
EndProject
Global
	GlobalSection(SolutionConfigurationPlatforms) = preSolution
		Debug|Any CPU = Debug|Any CPU
		Release|Any CPU = Release|Any CPU
	EndGlobalSection
	GlobalSection(ProjectConfigurationPlatforms) = postSolution
		{70CB1A75-286D-4429-B57D-06B657639730}.Debug|Any CPU.ActiveCfg = Debug|Any CPU
		{70CB1A75-286D-4429-B57D-06B657639730}.Debug|Any CPU.Build.0 = Debug|Any CPU
		{70CB1A75-286D-4429-B57D-06B657639730}.Release|Any CPU.ActiveCfg = Release|Any CPU
		{70CB1A75-286D-4429-B57D-06B657639730}.Release|Any CPU.Build.0 = Release|Any CPU
	EndGlobalSection
	GlobalSection(SolutionProperties) = preSolution
		HideSolutionNode = FALSE
	EndGlobalSection
	GlobalSection(ExtensibilityGlobals) = postSolution
		SolutionGuid = {F123C15B-31C9-4096-BB4B-28D9914E284F}
	EndGlobalSection
EndGlobal
